lockfileVersion: 5.4

specifiers:
  filesize: ^6.3.0
  socket.io-client: 0.9.17

dependencies:
  filesize: 6.3.0
  socket.io-client: 0.9.17

packages:

  /active-x-obfuscator/0.0.1:
    resolution: {integrity: sha1-CJuJs3FF/x2ex0r2UwvlUmyuHxo=}
    dependencies:
      zeparser: 0.0.5
    dev: false

  /commander/2.1.0:
    resolution: {integrity: sha1-0SG7roYNmZKj1Re6lvVliOR8Z4E=}
    engines: {node: '>= 0.6.x'}
    dev: false

  /filesize/6.3.0:
    resolution: {integrity: sha512-ytx0ruGpDHKWVoiui6+BY/QMNngtDQ/pJaFwfBpQif0J63+E8DLdFyqS3NkKQn7vIruUEpoGD9JUJSg7Kp+I0g==}
    engines: {node: '>= 0.4.0'}
    dev: false

  /nan/1.0.0:
    resolution: {integrity: sha1-riT4hQgY1mL8q1rPfzuVv6oszzg=}
    dev: false

  /options/0.0.6:
    resolution: {integrity: sha1-7CLTEoBrtT5zF3Pnza788cZDEo8=}
    engines: {node: '>=0.4.0'}
    dev: false

  /socket.io-client/0.9.17:
    resolution: {integrity: sha1-MdEsRLc/u6NJY57M+DPj+a4T/m8=}
    engines: {node: '>= 0.4.0'}
    dependencies:
      active-x-obfuscator: 0.0.1
      uglify-js: 1.2.5
      ws: 0.4.32
      xmlhttprequest: 1.4.2
    transitivePeerDependencies:
      - bufferutil
      - utf-8-validate
    dev: false

  /tinycolor/0.0.1:
    resolution: {integrity: sha1-MgtaUtg6u1l42Bo+iH1K77FaYWQ=}
    engines: {node: '>=0.4.0'}
    dev: false

  /uglify-js/1.2.5:
    resolution: {integrity: sha1-tULCx29477NLIAsgF3Y0Mw/3ArY=}
    hasBin: true
    dev: false

  /ws/0.4.32:
    resolution: {integrity: sha1-eHphVEFPPJntg8V3IVOyD+sM7DI=}
    engines: {node: '>=0.4.0'}
    hasBin: true
    requiresBuild: true
    peerDependencies:
      bufferutil: ^4.0.1
      utf-8-validate: ^5.0.2
    peerDependenciesMeta:
      bufferutil:
        optional: true
      utf-8-validate:
        optional: true
    dependencies:
      commander: 2.1.0
      nan: 1.0.0
      options: 0.0.6
      tinycolor: 0.0.1
    dev: false

  /xmlhttprequest/1.4.2:
    resolution: {integrity: sha1-AUU6HZvtHo8XL2SVu/TIxCYyFQA=}
    engines: {node: '>=0.4.0'}
    dev: false

  /zeparser/0.0.5:
    resolution: {integrity: sha1-A3JlYbwmjy5URPVMZlt/1KjAKeI=}
    dev: false
